
Microsoft Visual Studio Solution File, Format Version 12.00
# Visual Studio Version 16
VisualStudioVersion = 16.0.30413.136
MinimumVisualStudioVersion = 10.0.40219.1
Project("{888888A0-9F3D-457C-B088-3A5042F75D52}") = "Funktsioonid", "Funktsioonid.pyproj", "{90CDAC2B-1E95-4BF7-98E0-9B5C15488DC1}"
EndProject
Global
	GlobalSection(SolutionConfigurationPlatforms) = preSolution
		Debug|Any CPU = Debug|Any CPU
		Release|Any CPU = Release|Any CPU
	EndGlobalSection
	GlobalSection(ProjectConfigurationPlatforms) = postSolution
		{90CDAC2B-1E95-4BF7-98E0-9B5C15488DC1}.Debug|Any CPU.ActiveCfg = Debug|Any CPU
		{90CDAC2B-1E95-4BF7-98E0-9B5C15488DC1}.Release|Any CPU.ActiveCfg = Release|Any CPU
	EndGlobalSection
	GlobalSection(SolutionProperties) = preSolution
		HideSolutionNode = FALSE
	EndGlobalSection
	GlobalSection(ExtensibilityGlobals) = postSolution
		SolutionGuid = {01BFBD76-451D-49EE-A16C-200ABFC2D4D9}
	EndGlobalSection
EndGlobal
